// !$*UTF8*$!
{
	archiveVersion = 1;
	classes = {
	};
	objectVersion = 46;
	objects = {

/* Begin PBXBuildFile section */
		FB367FA31A0AE39D0034D786 /* main.m in Sources */ = {isa = PBXBuildFile; fileRef = FB367FA21A0AE39D0034D786 /* main.m */; };
		FB367FA61A0AE39D0034D786 /* AppDelegate.m in Sources */ = {isa = PBXBuildFile; fileRef = FB367FA51A0AE39D0034D786 /* AppDelegate.m */; };
		FB367FA91A0AE39D0034D786 /* RootViewController.m in Sources */ = {isa = PBXBuildFile; fileRef = FB367FA81A0AE39D0034D786 /* RootViewController.m */; };
		FB367FAC1A0AE39D0034D786 /* Main.storyboard in Resources */ = {isa = PBXBuildFile; fileRef = FB367FAA1A0AE39D0034D786 /* Main.storyboard */; };
		FB367FAE1A0AE39D0034D786 /* Images.xcassets in Resources */ = {isa = PBXBuildFile; fileRef = FB367FAD1A0AE39D0034D786 /* Images.xcassets */; };
		FB367FB11A0AE39D0034D786 /* LaunchScreen.xib in Resources */ = {isa = PBXBuildFile; fileRef = FB367FAF1A0AE39D0034D786 /* LaunchScreen.xib */; };
		FB367FBD1A0AE39D0034D786 /* ZaHunterChallengeTests.m in Sources */ = {isa = PBXBuildFile; fileRef = FB367FBC1A0AE39D0034D786 /* ZaHunterChallengeTests.m */; };
		FB367FC81A0AE62A0034D786 /* ResultsViewController.m in Sources */ = {isa = PBXBuildFile; fileRef = FB367FC71A0AE62A0034D786 /* ResultsViewController.m */; };
		FB367FCB1A0AE7970034D786 /* Pizzera.m in Sources */ = {isa = PBXBuildFile; fileRef = FB367FCA1A0AE7970034D786 /* Pizzera.m */; };
/* End PBXBuildFile section */

/* Begin PBXContainerItemProxy section */
		FB367FB71A0AE39D0034D786 /* PBXContainerItemProxy */ = {
			isa = PBXContainerItemProxy;
			containerPortal = FB367F951A0AE39C0034D786 /* Project object */;
			proxyType = 1;
			remoteGlobalIDString = FB367F9C1A0AE39C0034D786;
			remoteInfo = ZaHunterChallenge;
		};
/* End PBXContainerItemProxy section */

/* Begin PBXFileReference section */
		FB367F9D1A0AE39C0034D786 /* ZaHunterChallenge.app */ = {isa = PBXFileReference; explicitFileType = wrapper.application; includeInIndex = 0; path = ZaHunterChallenge.app; sourceTree = BUILT_PRODUCTS_DIR; };
		FB367FA11A0AE39D0034D786 /* Info.plist */ = {isa = PBXFileReference; lastKnownFileType = text.plist.xml; path = Info.plist; sourceTree = "<group>"; };
		FB367FA21A0AE39D0034D786 /* main.m */ = {isa = PBXFileReference; lastKnownFileType = sourcecode.c.objc; path = main.m; sourceTree = "<group>"; };
		FB367FA41A0AE39D0034D786 /* AppDelegate.h */ = {isa = PBXFileReference; lastKnownFileType = sourcecode.c.h; path = AppDelegate.h; sourceTree = "<group>"; };
		FB367FA51A0AE39D0034D786 /* AppDelegate.m */ = {isa = PBXFileReference; lastKnownFileType = sourcecode.c.objc; path = AppDelegate.m; sourceTree = "<group>"; };
		FB367FA71A0AE39D0034D786 /* RootViewController.h */ = {isa = PBXFileReference; lastKnownFileType = sourcecode.c.h; path = RootViewController.h; sourceTree = "<group>"; };
		FB367FA81A0AE39D0034D786 /* RootViewController.m */ = {isa = PBXFileReference; lastKnownFileType = sourcecode.c.objc; path = RootViewController.m; sourceTree = "<group>"; };
		FB367FAB1A0AE39D0034D786 /* Base */ = {isa = PBXFileReference; lastKnownFileType = file.storyboard; name = Base; path = Base.lproj/Main.storyboard; sourceTree = "<group>"; };
		FB367FAD1A0AE39D0034D786 /* Images.xcassets */ = {isa = PBXFileReference; lastKnownFileType = folder.assetcatalog; path = Images.xcassets; sourceTree = "<group>"; };
		FB367FB01A0AE39D0034D786 /* Base */ = {isa = PBXFileReference; lastKnownFileType = file.xib; name = Base; path = Base.lproj/LaunchScreen.xib; sourceTree = "<group>"; };
		FB367FB61A0AE39D0034D786 /* ZaHunterChallengeTests.xctest */ = {isa = PBXFileReference; explicitFileType = wrapper.cfbundle; includeInIndex = 0; path = ZaHunterChallengeTests.xctest; sourceTree = BUILT_PRODUCTS_DIR; };
		FB367FBB1A0AE39D0034D786 /* Info.plist */ = {isa = PBXFileReference; lastKnownFileType = text.plist.xml; path = Info.plist; sourceTree = "<group>"; };
		FB367FBC1A0AE39D0034D786 /* ZaHunterChallengeTests.m */ = {isa = PBXFileReference; lastKnownFileType = sourcecode.c.objc; path = ZaHunterChallengeTests.m; sourceTree = "<group>"; };
		FB367FC61A0AE62A0034D786 /* ResultsViewController.h */ = {isa = PBXFileReference; fileEncoding = 4; lastKnownFileType = sourcecode.c.h; path = ResultsViewController.h; sourceTree = "<group>"; };
		FB367FC71A0AE62A0034D786 /* ResultsViewController.m */ = {isa = PBXFileReference; fileEncoding = 4; lastKnownFileType = sourcecode.c.objc; path = ResultsViewController.m; sourceTree = "<group>"; };
		FB367FC91A0AE7970034D786 /* Pizzera.h */ = {isa = PBXFileReference; fileEncoding = 4; lastKnownFileType = sourcecode.c.h; path = Pizzera.h; sourceTree = "<group>"; };
		FB367FCA1A0AE7970034D786 /* Pizzera.m */ = {isa = PBXFileReference; fileEncoding = 4; lastKnownFileType = sourcecode.c.objc; path = Pizzera.m; sourceTree = "<group>"; };
/* End PBXFileReference section */

/* Begin PBXFrameworksBuildPhase section */
		FB367F9A1A0AE39C0034D786 /* Frameworks */ = {
			isa = PBXFrameworksBuildPhase;
			buildActionMask = 2147483647;
			files = (
			);
			runOnlyForDeploymentPostprocessing = 0;
		};
		FB367FB31A0AE39D0034D786 /* Frameworks */ = {
			isa = PBXFrameworksBuildPhase;
			buildActionMask = 2147483647;
			files = (
			);
			runOnlyForDeploymentPostprocessing = 0;
		};
/* End PBXFrameworksBuildPhase section */

/* Begin PBXGroup section */
		FB367F941A0AE39C0034D786 = {
			isa = PBXGroup;
			children = (
				FB367F9F1A0AE39C0034D786 /* ZaHunterChallenge */,
				FB367FB91A0AE39D0034D786 /* ZaHunterChallengeTests */,
				FB367F9E1A0AE39C0034D786 /* Products */,
			);
			sourceTree = "<group>";
		};
		FB367F9E1A0AE39C0034D786 /* Products */ = {
			isa = PBXGroup;
			children = (
				FB367F9D1A0AE39C0034D786 /* ZaHunterChallenge.app */,
				FB367FB61A0AE39D0034D786 /* ZaHunterChallengeTests.xctest */,
			);
			name = Products;
			sourceTree = "<group>";
		};
		FB367F9F1A0AE39C0034D786 /* ZaHunterChallenge */ = {
			isa = PBXGroup;
			children = (
				FB367FA41A0AE39D0034D786 /* AppDelegate.h */,
				FB367FA51A0AE39D0034D786 /* AppDelegate.m */,
				FB367FA71A0AE39D0034D786 /* RootViewController.h */,
				FB367FA81A0AE39D0034D786 /* RootViewController.m */,
				FB367FC61A0AE62A0034D786 /* ResultsViewController.h */,
				FB367FC71A0AE62A0034D786 /* ResultsViewController.m */,
				FB367FCD1A0AE7AD0034D786 /* Model */,
				FB367FAA1A0AE39D0034D786 /* Main.storyboard */,
				FB367FAD1A0AE39D0034D786 /* Images.xcassets */,
				FB367FAF1A0AE39D0034D786 /* LaunchScreen.xib */,
				FB367FA01A0AE39D0034D786 /* Supporting Files */,
			);
			path = ZaHunterChallenge;
			sourceTree = "<group>";
		};
		FB367FA01A0AE39D0034D786 /* Supporting Files */ = {
			isa = PBXGroup;
			children = (
				FB367FA11A0AE39D0034D786 /* Info.plist */,
				FB367FA21A0AE39D0034D786 /* main.m */,
			);
			name = "Supporting Files";
			sourceTree = "<group>";
		};
		FB367FB91A0AE39D0034D786 /* ZaHunterChallengeTests */ = {
			isa = PBXGroup;
			children = (
				FB367FBC1A0AE39D0034D786 /* ZaHunterChallengeTests.m */,
				FB367FBA1A0AE39D0034D786 /* Supporting Files */,
			);
			path = ZaHunterChallengeTests;
			sourceTree = "<group>";
		};
		FB367FBA1A0AE39D0034D786 /* Supporting Files */ = {
			isa = PBXGroup;
			children = (
				FB367FBB1A0AE39D0034D786 /* Info.plist */,
			);
			name = "Supporting Files";
			sourceTree = "<group>";
		};
		FB367FCD1A0AE7AD0034D786 /* Model */ = {
			isa = PBXGroup;
			children = (
				FB367FC91A0AE7970034D786 /* Pizzera.h */,
				FB367FCA1A0AE7970034D786 /* Pizzera.m */,
			);
			name = Model;
			sourceTree = "<group>";
		};
/* End PBXGroup section */

/* Begin PBXNativeTarget section */
		FB367F9C1A0AE39C0034D786 /* ZaHunterChallenge */ = {
			isa = PBXNativeTarget;
			buildConfigurationList = FB367FC01A0AE39D0034D786 /* Build configuration list for PBXNativeTarget "ZaHunterChallenge" */;
			buildPhases = (
				FB367F991A0AE39C0034D786 /* Sources */,
				FB367F9A1A0AE39C0034D786 /* Frameworks */,
				FB367F9B1A0AE39C0034D786 /* Resources */,
			);
			buildRules = (
			);
			dependencies = (
			);
			name = ZaHunterChallenge;
			productName = ZaHunterChallenge;
			productReference = FB367F9D1A0AE39C0034D786 /* ZaHunterChallenge.app */;
			productType = "com.apple.product-type.application";
		};
		FB367FB51A0AE39D0034D786 /* ZaHunterChallengeTests */ = {
			isa = PBXNativeTarget;
			buildConfigurationList = FB367FC31A0AE39D0034D786 /* Build configuration list for PBXNativeTarget "ZaHunterChallengeTests" */;
			buildPhases = (
				FB367FB21A0AE39D0034D786 /* Sources */,
				FB367FB31A0AE39D0034D786 /* Frameworks */,
				FB367FB41A0AE39D0034D786 /* Resources */,
			);
			buildRules = (
			);
			dependencies = (
				FB367FB81A0AE39D0034D786 /* PBXTargetDependency */,
			);
			name = ZaHunterChallengeTests;
			productName = ZaHunterChallengeTests;
			productReference = FB367FB61A0AE39D0034D786 /* ZaHunterChallengeTests.xctest */;
			productType = "com.apple.product-type.bundle.unit-test";
		};
/* End PBXNativeTarget section */

/* Begin PBXProject section */
		FB367F951A0AE39C0034D786 /* Project object */ = {
			isa = PBXProject;
			attributes = {
				LastUpgradeCheck = 0610;
				ORGANIZATIONNAME = "May Yang";
				TargetAttributes = {
					FB367F9C1A0AE39C0034D786 = {
						CreatedOnToolsVersion = 6.1;
					};
					FB367FB51A0AE39D0034D786 = {
						CreatedOnToolsVersion = 6.1;
						TestTargetID = FB367F9C1A0AE39C0034D786;
					};
				};
			};
			buildConfigurationList = FB367F981A0AE39C0034D786 /* Build configuration list for PBXProject "ZaHunterChallenge" */;
			compatibilityVersion = "Xcode 3.2";
			developmentRegion = English;
			hasScannedForEncodings = 0;
			knownRegions = (
				en,
				Base,
			);
			mainGroup = FB367F941A0AE39C0034D786;
			productRefGroup = FB367F9E1A0AE39C0034D786 /* Products */;
			projectDirPath = "";
			projectRoot = "";
			targets = (
				FB367F9C1A0AE39C0034D786 /* ZaHunterChallenge */,
				FB367FB51A0AE39D0034D786 /* ZaHunterChallengeTests */,
			);
		};
/* End PBXProject section */

/* Begin PBXResourcesBuildPhase section */
		FB367F9B1A0AE39C0034D786 /* Resources */ = {
			isa = PBXResourcesBuildPhase;
			buildActionMask = 2147483647;
			files = (
				FB367FAC1A0AE39D0034D786 /* Main.storyboard in Resources */,
				FB367FB11A0AE39D0034D786 /* LaunchScreen.xib in Resources */,
				FB367FAE1A0AE39D0034D786 /* Images.xcassets in Resources */,
			);
			runOnlyForDeploymentPostprocessing = 0;
		};
		FB367FB41A0AE39D0034D786 /* Resources */ = {
			isa = PBXResourcesBuildPhase;
			buildActionMask = 2147483647;
			files = (
			);
			runOnlyForDeploymentPostprocessing = 0;
		};
/* End PBXResourcesBuildPhase section */

/* Begin PBXSourcesBuildPhase section */
		FB367F991A0AE39C0034D786 /* Sources */ = {
			isa = PBXSourcesBuildPhase;
			buildActionMask = 2147483647;
			files = (
				FB367FCB1A0AE7970034D786 /* Pizzera.m in Sources */,
				FB367FA91A0AE39D0034D786 /* RootViewController.m in Sources */,
				FB367FA61A0AE39D0034D786 /* AppDelegate.m in Sources */,
				FB367FA31A0AE39D0034D786 /* main.m in Sources */,
				FB367FC81A0AE62A0034D786 /* ResultsViewController.m in Sources */,
			);
			runOnlyForDeploymentPostprocessing = 0;
		};
		FB367FB21A0AE39D0034D786 /* Sources */ = {
			isa = PBXSourcesBuildPhase;
			buildActionMask = 2147483647;
			files = (
				FB367FBD1A0AE39D0034D786 /* ZaHunterChallengeTests.m in Sources */,
			);
			runOnlyForDeploymentPostprocessing = 0;
		};
/* End PBXSourcesBuildPhase section */

/* Begin PBXTargetDependency section */
		FB367FB81A0AE39D0034D786 /* PBXTargetDependency */ = {
			isa = PBXTargetDependency;
			target = FB367F9C1A0AE39C0034D786 /* ZaHunterChallenge */;
			targetProxy = FB367FB71A0AE39D0034D786 /* PBXContainerItemProxy */;
		};
/* End PBXTargetDependency section */

/* Begin PBXVariantGroup section */
		FB367FAA1A0AE39D0034D786 /* Main.storyboard */ = {
			isa = PBXVariantGroup;
			children = (
				FB367FAB1A0AE39D0034D786 /* Base */,
			);
			name = Main.storyboard;
			sourceTree = "<group>";
		};
		FB367FAF1A0AE39D0034D786 /* LaunchScreen.xib */ = {
			isa = PBXVariantGroup;
			children = (
				FB367FB01A0AE39D0034D786 /* Base */,
			);
			name = LaunchScreen.xib;
			sourceTree = "<group>";
		};
/* End PBXVariantGroup section */

/* Begin XCBuildConfiguration section */
		FB367FBE1A0AE39D0034D786 /* Debug */ = {
			isa = XCBuildConfiguration;
			buildSettings = {
				ALWAYS_SEARCH_USER_PATHS = NO;
				CLANG_CXX_LANGUAGE_STANDARD = "gnu++0x";
				CLANG_CXX_LIBRARY = "libc++";
				CLANG_ENABLE_MODULES = YES;
				CLANG_ENABLE_OBJC_ARC = YES;
				CLANG_WARN_BOOL_CONVERSION = YES;
				CLANG_WARN_CONSTANT_CONVERSION = YES;
				CLANG_WARN_DIRECT_OBJC_ISA_USAGE = YES_ERROR;
				CLANG_WARN_EMPTY_BODY = YES;
				CLANG_WARN_ENUM_CONVERSION = YES;
				CLANG_WARN_INT_CONVERSION = YES;
				CLANG_WARN_OBJC_ROOT_CLASS = YES_ERROR;
				CLANG_WARN_UNREACHABLE_CODE = YES;
				CLANG_WARN__DUPLICATE_METHOD_MATCH = YES;
				"CODE_SIGN_IDENTITY[sdk=iphoneos*]" = "iPhone Developer";
				COPY_PHASE_STRIP = NO;
				ENABLE_STRICT_OBJC_MSGSEND = YES;
				GCC_C_LANGUAGE_STANDARD = gnu99;
				GCC_DYNAMIC_NO_PIC = NO;
				GCC_OPTIMIZATION_LEVEL = 0;
				GCC_PREPROCESSOR_DEFINITIONS = (
					"DEBUG=1",
					"$(inherited)",
				);
				GCC_SYMBOLS_PRIVATE_EXTERN = NO;
				GCC_WARN_64_TO_32_BIT_CONVERSION = YES;
				GCC_WARN_ABOUT_RETURN_TYPE = YES_ERROR;
				GCC_WARN_UNDECLARED_SELECTOR = YES;
				GCC_WARN_UNINITIALIZED_AUTOS = YES_AGGRESSIVE;
				GCC_WARN_UNUSED_FUNCTION = YES;
				GCC_WARN_UNUSED_VARIABLE = YES;
				IPHONEOS_DEPLOYMENT_TARGET = 8.1;
				MTL_ENABLE_DEBUG_INFO = YES;
				ONLY_ACTIVE_ARCH = YES;
				SDKROOT = iphoneos;
				TARGETED_DEVICE_FAMILY = "1,2";
			};
			name = Debug;
		};
		FB367FBF1A0AE39D0034D786 /* Release */ = {
			isa = XCBuildConfiguration;
			buildSettings = {
				ALWAYS_SEARCH_USER_PATHS = NO;
				CLANG_CXX_LANGUAGE_STANDARD = "gnu++0x";
				CLANG_CXX_LIBRARY = "libc++";
				CLANG_ENABLE_MODULES = YES;
				CLANG_ENABLE_OBJC_ARC = YES;
				CLANG_WARN_BOOL_CONVERSION = YES;
				CLANG_WARN_CONSTANT_CONVERSION = YES;
				CLANG_WARN_DIRECT_OBJC_ISA_USAGE = YES_ERROR;
				CLANG_WARN_EMPTY_BODY = YES;
				CLANG_WARN_ENUM_CONVERSION = YES;
				CLANG_WARN_INT_CONVERSION = YES;
				CLANG_WARN_OBJC_ROOT_CLASS = YES_ERROR;
				CLANG_WARN_UNREACHABLE_CODE = YES;
				CLANG_WARN__DUPLICATE_METHOD_MATCH = YES;
				"CODE_SIGN_IDENTITY[sdk=iphoneos*]" = "iPhone Developer";
				COPY_PHASE_STRIP = YES;
				ENABLE_NS_ASSERTIONS = NO;
				ENABLE_STRICT_OBJC_MSGSEND = YES;
				GCC_C_LANGUAGE_STANDARD = gnu99;
				GCC_WARN_64_TO_32_BIT_CONVERSION = YES;
				GCC_WARN_ABOUT_RETURN_TYPE = YES_ERROR;
				GCC_WARN_UNDECLARED_SELECTOR = YES;
				GCC_WARN_UNINITIALIZED_AUTOS = YES_AGGRESSIVE;
				GCC_WARN_UNUSED_FUNCTION = YES;
				GCC_WARN_UNUSED_VARIABLE = YES;
				IPHONEOS_DEPLOYMENT_TARGET = 8.1;
				MTL_ENABLE_DEBUG_INFO = NO;
				SDKROOT = iphoneos;
				TARGETED_DEVICE_FAMILY = "1,2";
				VALIDATE_PRODUCT = YES;
			};
			name = Release;
		};
		FB367FC11A0AE39D0034D786 /* Debug */ = {
			isa = XCBuildConfiguration;
			buildSettings = {
				ASSETCATALOG_COMPILER_APPICON_NAME = AppIcon;
				INFOPLIST_FILE = ZaHunterChallenge/Info.plist;
				LD_RUNPATH_SEARCH_PATHS = "$(inherited) @executable_path/Frameworks";
				PRODUCT_NAME = "$(TARGET_NAME)";
			};
			name = Debug;
		};
		FB367FC21A0AE39D0034D786 /* Release */ = {
			isa = XCBuildConfiguration;
			buildSettings = {
				ASSETCATALOG_COMPILER_APPICON_NAME = AppIcon;
				INFOPLIST_FILE = ZaHunterChallenge/Info.plist;
				LD_RUNPATH_SEARCH_PATHS = "$(inherited) @executable_path/Frameworks";
				PRODUCT_NAME = "$(TARGET_NAME)";
			};
			name = Release;
		};
		FB367FC41A0AE39D0034D786 /* Debug */ = {
			isa = XCBuildConfiguration;
			buildSettings = {
				BUNDLE_LOADER = "$(TEST_HOST)";
				FRAMEWORK_SEARCH_PATHS = (
					"$(SDKROOT)/Developer/Library/Frameworks",
					"$(inherited)",
				);
				GCC_PREPROCESSOR_DEFINITIONS = (
					"DEBUG=1",
					"$(inherited)",
				);
				INFOPLIST_FILE = ZaHunterChallengeTests/Info.plist;
				LD_RUNPATH_SEARCH_PATHS = "$(inherited) @executable_path/Frameworks @loader_path/Frameworks";
				PRODUCT_NAME = "$(TARGET_NAME)";
				TEST_HOST = "$(BUILT_PRODUCTS_DIR)/ZaHunterChallenge.app/ZaHunterChallenge";
			};
			name = Debug;
		};
		FB367FC51A0AE39D0034D786 /* Release */ = {
			isa = XCBuildConfiguration;
			buildSettings = {
				BUNDLE_LOADER = "$(TEST_HOST)";
				FRAMEWORK_SEARCH_PATHS = (
					"$(SDKROOT)/Developer/Library/Frameworks",
					"$(inherited)",
				);
				INFOPLIST_FILE = ZaHunterChallengeTests/Info.plist;
				LD_RUNPATH_SEARCH_PATHS = "$(inherited) @executable_path/Frameworks @loader_path/Frameworks";
				PRODUCT_NAME = "$(TARGET_NAME)";
				TEST_HOST = "$(BUILT_PRODUCTS_DIR)/ZaHunterChallenge.app/ZaHunterChallenge";
			};
			name = Release;
		};
/* End XCBuildConfiguration section */

/* Begin XCConfigurationList section */
		FB367F981A0AE39C0034D786 /* Build configuration list for PBXProject "ZaHunterChallenge" */ = {
			isa = XCConfigurationList;
			buildConfigurations = (
				FB367FBE1A0AE39D0034D786 /* Debug */,
				FB367FBF1A0AE39D0034D786 /* Release */,
			);
			defaultConfigurationIsVisible = 0;
			defaultConfigurationName = Release;
		};
		FB367FC01A0AE39D0034D786 /* Build configuration list for PBXNativeTarget "ZaHunterChallenge" */ = {
			isa = XCConfigurationList;
			buildConfigurations = (
				FB367FC11A0AE39D0034D786 /* Debug */,
				FB367FC21A0AE39D0034D786 /* Release */,
			);
			defaultConfigurationIsVisible = 0;
		};
		FB367FC31A0AE39D0034D786 /* Build configuration list for PBXNativeTarget "ZaHunterChallengeTests" */ = {
			isa = XCConfigurationList;
			buildConfigurations = (
				FB367FC41A0AE39D0034D786 /* Debug */,
				FB367FC51A0AE39D0034D786 /* Release */,
			);
			defaultConfigurationIsVisible = 0;
		};
/* End XCConfigurationList section */
	};
	rootObject = FB367F951A0AE39C0034D786 /* Project object */;
}
